
Microsoft Visual Studio Solution File, Format Version 11.00
# Visual Studio 2010
Project("{FAE04EC0-301F-11D3-BF4B-00C04F79EFBC}") = "sdkSilverlightXNACS", "MiniGame.TakePhotoAndPlay\sdkSilverlightXNACS\sdkSilverlightXNACS\sdkSilverlightXNACS.csproj", "{8628D95D-D64C-4A01-A8CA-56B69872A15B}"
	ProjectSection(ProjectDependencies) = postProject
		{13CF7C21-230A-4470-B19A-72C8F5C319DE} = {13CF7C21-230A-4470-B19A-72C8F5C319DE}
	EndProjectSection
EndProject
Project("{FAE04EC0-301F-11D3-BF4B-00C04F79EFBC}") = "sdkSilverlightXNACSLib", "MiniGame.TakePhotoAndPlay\sdkSilverlightXNACS\sdkSilverlightXNACSLib\sdkSilverlightXNACSLib.csproj", "{B02D0431-3798-4B33-B7EA-BFB630AD3D92}"
EndProject
Project("{FAE04EC0-301F-11D3-BF4B-00C04F79EFBC}") = "sdkSilverlightXNACSLibContent", "MiniGame.TakePhotoAndPlay\sdkSilverlightXNACS\sdkSilverlightXNACSLibContent\sdkSilverlightXNACSLibContent.contentproj", "{C0FD08A2-51EC-44DA-8341-F1486147E80A}"
EndProject
Project("{FAE04EC0-301F-11D3-BF4B-00C04F79EFBC}") = "MiGameService.Service", "MiniGame.Service\MiGameService.Service.csproj", "{13CF7C21-230A-4470-B19A-72C8F5C319DE}"
EndProject
Project("{FAE04EC0-301F-11D3-BF4B-00C04F79EFBC}") = "MiniGame.DataModel", "MiniGame.DataModel\MiniGame.DataModel.csproj", "{9C23B59D-D750-40A6-99BA-0C7E7B122854}"
EndProject
Project("{FAE04EC0-301F-11D3-BF4B-00C04F79EFBC}") = "MiniGame.ConsoleService", "MiniGame.ConsoleService\MiniGame.ConsoleService.csproj", "{A4CF02E9-6BD9-492A-B323-0C776396C654}"
EndProject
Project("{FAE04EC0-301F-11D3-BF4B-00C04F79EFBC}") = "MiniGame.DataContractsShared", "MiniGame.DataContractsShared\MiniGame.DataContractsShared.csproj", "{DB0227FC-BB6F-4155-9824-24BB6D775B7A}"
EndProject
Global
	GlobalSection(SolutionConfigurationPlatforms) = preSolution
		Debug|Any CPU = Debug|Any CPU
		Debug|Mixed Platforms = Debug|Mixed Platforms
		Debug|Windows Phone = Debug|Windows Phone
		Debug|x86 = Debug|x86
		Release|Any CPU = Release|Any CPU
		Release|Mixed Platforms = Release|Mixed Platforms
		Release|Windows Phone = Release|Windows Phone
		Release|x86 = Release|x86
	EndGlobalSection
	GlobalSection(ProjectConfigurationPlatforms) = postSolution
		{8628D95D-D64C-4A01-A8CA-56B69872A15B}.Debug|Any CPU.ActiveCfg = Debug|Any CPU
		{8628D95D-D64C-4A01-A8CA-56B69872A15B}.Debug|Any CPU.Build.0 = Debug|Any CPU
		{8628D95D-D64C-4A01-A8CA-56B69872A15B}.Debug|Any CPU.Deploy.0 = Debug|Any CPU
		{8628D95D-D64C-4A01-A8CA-56B69872A15B}.Debug|Mixed Platforms.ActiveCfg = Debug|Any CPU
		{8628D95D-D64C-4A01-A8CA-56B69872A15B}.Debug|Mixed Platforms.Build.0 = Debug|Any CPU
		{8628D95D-D64C-4A01-A8CA-56B69872A15B}.Debug|Mixed Platforms.Deploy.0 = Debug|Any CPU
		{8628D95D-D64C-4A01-A8CA-56B69872A15B}.Debug|Windows Phone.ActiveCfg = Debug|Any CPU
		{8628D95D-D64C-4A01-A8CA-56B69872A15B}.Debug|x86.ActiveCfg = Debug|Any CPU
		{8628D95D-D64C-4A01-A8CA-56B69872A15B}.Release|Any CPU.ActiveCfg = Release|Any CPU
		{8628D95D-D64C-4A01-A8CA-56B69872A15B}.Release|Any CPU.Build.0 = Release|Any CPU
		{8628D95D-D64C-4A01-A8CA-56B69872A15B}.Release|Any CPU.Deploy.0 = Release|Any CPU
		{8628D95D-D64C-4A01-A8CA-56B69872A15B}.Release|Mixed Platforms.ActiveCfg = Release|Any CPU
		{8628D95D-D64C-4A01-A8CA-56B69872A15B}.Release|Mixed Platforms.Build.0 = Release|Any CPU
		{8628D95D-D64C-4A01-A8CA-56B69872A15B}.Release|Mixed Platforms.Deploy.0 = Release|Any CPU
		{8628D95D-D64C-4A01-A8CA-56B69872A15B}.Release|Windows Phone.ActiveCfg = Release|Any CPU
		{8628D95D-D64C-4A01-A8CA-56B69872A15B}.Release|x86.ActiveCfg = Release|Any CPU
		{B02D0431-3798-4B33-B7EA-BFB630AD3D92}.Debug|Any CPU.ActiveCfg = Debug|Windows Phone
		{B02D0431-3798-4B33-B7EA-BFB630AD3D92}.Debug|Mixed Platforms.ActiveCfg = Debug|Windows Phone
		{B02D0431-3798-4B33-B7EA-BFB630AD3D92}.Debug|Mixed Platforms.Build.0 = Debug|Windows Phone
		{B02D0431-3798-4B33-B7EA-BFB630AD3D92}.Debug|Windows Phone.ActiveCfg = Debug|Windows Phone
		{B02D0431-3798-4B33-B7EA-BFB630AD3D92}.Debug|Windows Phone.Build.0 = Debug|Windows Phone
		{B02D0431-3798-4B33-B7EA-BFB630AD3D92}.Debug|x86.ActiveCfg = Debug|Windows Phone
		{B02D0431-3798-4B33-B7EA-BFB630AD3D92}.Release|Any CPU.ActiveCfg = Release|Windows Phone
		{B02D0431-3798-4B33-B7EA-BFB630AD3D92}.Release|Mixed Platforms.ActiveCfg = Release|Windows Phone
		{B02D0431-3798-4B33-B7EA-BFB630AD3D92}.Release|Mixed Platforms.Build.0 = Release|Windows Phone
		{B02D0431-3798-4B33-B7EA-BFB630AD3D92}.Release|Windows Phone.ActiveCfg = Release|Windows Phone
		{B02D0431-3798-4B33-B7EA-BFB630AD3D92}.Release|Windows Phone.Build.0 = Release|Windows Phone
		{B02D0431-3798-4B33-B7EA-BFB630AD3D92}.Release|x86.ActiveCfg = Release|Windows Phone
		{C0FD08A2-51EC-44DA-8341-F1486147E80A}.Debug|Any CPU.ActiveCfg = Debug|Any CPU
		{C0FD08A2-51EC-44DA-8341-F1486147E80A}.Debug|Mixed Platforms.ActiveCfg = Debug|Any CPU
		{C0FD08A2-51EC-44DA-8341-F1486147E80A}.Debug|Windows Phone.ActiveCfg = Debug|Any CPU
		{C0FD08A2-51EC-44DA-8341-F1486147E80A}.Debug|x86.ActiveCfg = Debug|Any CPU
		{C0FD08A2-51EC-44DA-8341-F1486147E80A}.Release|Any CPU.ActiveCfg = Debug|Any CPU
		{C0FD08A2-51EC-44DA-8341-F1486147E80A}.Release|Mixed Platforms.ActiveCfg = Debug|Any CPU
		{C0FD08A2-51EC-44DA-8341-F1486147E80A}.Release|Windows Phone.ActiveCfg = Debug|Any CPU
		{C0FD08A2-51EC-44DA-8341-F1486147E80A}.Release|x86.ActiveCfg = Debug|Any CPU
		{13CF7C21-230A-4470-B19A-72C8F5C319DE}.Debug|Any CPU.ActiveCfg = Debug|Any CPU
		{13CF7C21-230A-4470-B19A-72C8F5C319DE}.Debug|Any CPU.Build.0 = Debug|Any CPU
		{13CF7C21-230A-4470-B19A-72C8F5C319DE}.Debug|Mixed Platforms.ActiveCfg = Debug|Any CPU
		{13CF7C21-230A-4470-B19A-72C8F5C319DE}.Debug|Mixed Platforms.Build.0 = Debug|Any CPU
		{13CF7C21-230A-4470-B19A-72C8F5C319DE}.Debug|Windows Phone.ActiveCfg = Debug|Any CPU
		{13CF7C21-230A-4470-B19A-72C8F5C319DE}.Debug|x86.ActiveCfg = Debug|Any CPU
		{13CF7C21-230A-4470-B19A-72C8F5C319DE}.Release|Any CPU.ActiveCfg = Release|Any CPU
		{13CF7C21-230A-4470-B19A-72C8F5C319DE}.Release|Any CPU.Build.0 = Release|Any CPU
		{13CF7C21-230A-4470-B19A-72C8F5C319DE}.Release|Mixed Platforms.ActiveCfg = Release|Any CPU
		{13CF7C21-230A-4470-B19A-72C8F5C319DE}.Release|Mixed Platforms.Build.0 = Release|Any CPU
		{13CF7C21-230A-4470-B19A-72C8F5C319DE}.Release|Windows Phone.ActiveCfg = Release|Any CPU
		{13CF7C21-230A-4470-B19A-72C8F5C319DE}.Release|x86.ActiveCfg = Release|Any CPU
		{9C23B59D-D750-40A6-99BA-0C7E7B122854}.Debug|Any CPU.ActiveCfg = Debug|Any CPU
		{9C23B59D-D750-40A6-99BA-0C7E7B122854}.Debug|Any CPU.Build.0 = Debug|Any CPU
		{9C23B59D-D750-40A6-99BA-0C7E7B122854}.Debug|Mixed Platforms.ActiveCfg = Debug|Any CPU
		{9C23B59D-D750-40A6-99BA-0C7E7B122854}.Debug|Mixed Platforms.Build.0 = Debug|Any CPU
		{9C23B59D-D750-40A6-99BA-0C7E7B122854}.Debug|Windows Phone.ActiveCfg = Debug|Any CPU
		{9C23B59D-D750-40A6-99BA-0C7E7B122854}.Debug|x86.ActiveCfg = Debug|Any CPU
		{9C23B59D-D750-40A6-99BA-0C7E7B122854}.Release|Any CPU.ActiveCfg = Release|Any CPU
		{9C23B59D-D750-40A6-99BA-0C7E7B122854}.Release|Any CPU.Build.0 = Release|Any CPU
		{9C23B59D-D750-40A6-99BA-0C7E7B122854}.Release|Mixed Platforms.ActiveCfg = Release|Any CPU
		{9C23B59D-D750-40A6-99BA-0C7E7B122854}.Release|Mixed Platforms.Build.0 = Release|Any CPU
		{9C23B59D-D750-40A6-99BA-0C7E7B122854}.Release|Windows Phone.ActiveCfg = Release|Any CPU
		{9C23B59D-D750-40A6-99BA-0C7E7B122854}.Release|x86.ActiveCfg = Release|Any CPU
		{A4CF02E9-6BD9-492A-B323-0C776396C654}.Debug|Any CPU.ActiveCfg = Debug|x86
		{A4CF02E9-6BD9-492A-B323-0C776396C654}.Debug|Mixed Platforms.ActiveCfg = Debug|x86
		{A4CF02E9-6BD9-492A-B323-0C776396C654}.Debug|Mixed Platforms.Build.0 = Debug|x86
		{A4CF02E9-6BD9-492A-B323-0C776396C654}.Debug|Windows Phone.ActiveCfg = Debug|x86
		{A4CF02E9-6BD9-492A-B323-0C776396C654}.Debug|x86.ActiveCfg = Debug|x86
		{A4CF02E9-6BD9-492A-B323-0C776396C654}.Debug|x86.Build.0 = Debug|x86
		{A4CF02E9-6BD9-492A-B323-0C776396C654}.Release|Any CPU.ActiveCfg = Release|x86
		{A4CF02E9-6BD9-492A-B323-0C776396C654}.Release|Mixed Platforms.ActiveCfg = Release|x86
		{A4CF02E9-6BD9-492A-B323-0C776396C654}.Release|Mixed Platforms.Build.0 = Release|x86
		{A4CF02E9-6BD9-492A-B323-0C776396C654}.Release|Windows Phone.ActiveCfg = Release|x86
		{A4CF02E9-6BD9-492A-B323-0C776396C654}.Release|x86.ActiveCfg = Release|x86
		{A4CF02E9-6BD9-492A-B323-0C776396C654}.Release|x86.Build.0 = Release|x86
		{DB0227FC-BB6F-4155-9824-24BB6D775B7A}.Debug|Any CPU.ActiveCfg = Debug|Any CPU
		{DB0227FC-BB6F-4155-9824-24BB6D775B7A}.Debug|Any CPU.Build.0 = Debug|Any CPU
		{DB0227FC-BB6F-4155-9824-24BB6D775B7A}.Debug|Mixed Platforms.ActiveCfg = Debug|Any CPU
		{DB0227FC-BB6F-4155-9824-24BB6D775B7A}.Debug|Mixed Platforms.Build.0 = Debug|Any CPU
		{DB0227FC-BB6F-4155-9824-24BB6D775B7A}.Debug|Windows Phone.ActiveCfg = Debug|Any CPU
		{DB0227FC-BB6F-4155-9824-24BB6D775B7A}.Debug|x86.ActiveCfg = Debug|Any CPU
		{DB0227FC-BB6F-4155-9824-24BB6D775B7A}.Release|Any CPU.ActiveCfg = Release|Any CPU
		{DB0227FC-BB6F-4155-9824-24BB6D775B7A}.Release|Any CPU.Build.0 = Release|Any CPU
		{DB0227FC-BB6F-4155-9824-24BB6D775B7A}.Release|Mixed Platforms.ActiveCfg = Release|Any CPU
		{DB0227FC-BB6F-4155-9824-24BB6D775B7A}.Release|Mixed Platforms.Build.0 = Release|Any CPU
		{DB0227FC-BB6F-4155-9824-24BB6D775B7A}.Release|Windows Phone.ActiveCfg = Release|Any CPU
		{DB0227FC-BB6F-4155-9824-24BB6D775B7A}.Release|x86.ActiveCfg = Release|Any CPU
	EndGlobalSection
	GlobalSection(SolutionProperties) = preSolution
		HideSolutionNode = FALSE
	EndGlobalSection
EndGlobal
