
Microsoft Visual Studio Solution File, Format Version 11.00
# Visual Studio 2010
Project("{FAE04EC0-301F-11D3-BF4B-00C04F79EFBC}") = "WCEmergency", "WCEmergency\WCEmergency.csproj", "{E3E4390C-C0DE-410D-B890-99E045172ABC}"
EndProject
Project("{FAE04EC0-301F-11D3-BF4B-00C04F79EFBC}") = "WCEmergency.Common", "WCEmergency.Common\WCEmergency.Common.csproj", "{49DD4065-7EF4-4899-BE5A-4EF3DE131D00}"
EndProject
Project("{FAE04EC0-301F-11D3-BF4B-00C04F79EFBC}") = "WCEmergency.Service", "WCEmergency.Service\WCEmergency.Service.csproj", "{13CF7C21-230A-4470-B19A-72C8F5C319DE}"
EndProject
Project("{FAE04EC0-301F-11D3-BF4B-00C04F79EFBC}") = "WCEmergency.DataLayer", "WCEmergency.DataLayer\WCEmergency.DataLayer.csproj", "{2FADA92F-DFCB-4900-9154-CB11AE7BAD6C}"
EndProject
Project("{FAE04EC0-301F-11D3-BF4B-00C04F79EFBC}") = "ToiletDataFillerApp", "ToiletDataFillerApp\ToiletDataFillerApp.csproj", "{0E4D6C35-806C-4AF2-BF59-293692063AB6}"
EndProject
Global
	GlobalSection(SolutionConfigurationPlatforms) = preSolution
		Debug|Any CPU = Debug|Any CPU
		Debug|Mixed Platforms = Debug|Mixed Platforms
		Debug|x86 = Debug|x86
		Release|Any CPU = Release|Any CPU
		Release|Mixed Platforms = Release|Mixed Platforms
		Release|x86 = Release|x86
	EndGlobalSection
	GlobalSection(ProjectConfigurationPlatforms) = postSolution
		{E3E4390C-C0DE-410D-B890-99E045172ABC}.Debug|Any CPU.ActiveCfg = Debug|Any CPU
		{E3E4390C-C0DE-410D-B890-99E045172ABC}.Debug|Any CPU.Build.0 = Debug|Any CPU
		{E3E4390C-C0DE-410D-B890-99E045172ABC}.Debug|Any CPU.Deploy.0 = Debug|Any CPU
		{E3E4390C-C0DE-410D-B890-99E045172ABC}.Debug|Mixed Platforms.ActiveCfg = Debug|Any CPU
		{E3E4390C-C0DE-410D-B890-99E045172ABC}.Debug|Mixed Platforms.Build.0 = Debug|Any CPU
		{E3E4390C-C0DE-410D-B890-99E045172ABC}.Debug|Mixed Platforms.Deploy.0 = Debug|Any CPU
		{E3E4390C-C0DE-410D-B890-99E045172ABC}.Debug|x86.ActiveCfg = Debug|Any CPU
		{E3E4390C-C0DE-410D-B890-99E045172ABC}.Release|Any CPU.ActiveCfg = Release|Any CPU
		{E3E4390C-C0DE-410D-B890-99E045172ABC}.Release|Any CPU.Build.0 = Release|Any CPU
		{E3E4390C-C0DE-410D-B890-99E045172ABC}.Release|Any CPU.Deploy.0 = Release|Any CPU
		{E3E4390C-C0DE-410D-B890-99E045172ABC}.Release|Mixed Platforms.ActiveCfg = Release|Any CPU
		{E3E4390C-C0DE-410D-B890-99E045172ABC}.Release|Mixed Platforms.Build.0 = Release|Any CPU
		{E3E4390C-C0DE-410D-B890-99E045172ABC}.Release|Mixed Platforms.Deploy.0 = Release|Any CPU
		{E3E4390C-C0DE-410D-B890-99E045172ABC}.Release|x86.ActiveCfg = Release|Any CPU
		{49DD4065-7EF4-4899-BE5A-4EF3DE131D00}.Debug|Any CPU.ActiveCfg = Debug|Any CPU
		{49DD4065-7EF4-4899-BE5A-4EF3DE131D00}.Debug|Any CPU.Build.0 = Debug|Any CPU
		{49DD4065-7EF4-4899-BE5A-4EF3DE131D00}.Debug|Mixed Platforms.ActiveCfg = Debug|Any CPU
		{49DD4065-7EF4-4899-BE5A-4EF3DE131D00}.Debug|Mixed Platforms.Build.0 = Debug|Any CPU
		{49DD4065-7EF4-4899-BE5A-4EF3DE131D00}.Debug|x86.ActiveCfg = Debug|Any CPU
		{49DD4065-7EF4-4899-BE5A-4EF3DE131D00}.Release|Any CPU.ActiveCfg = Release|Any CPU
		{49DD4065-7EF4-4899-BE5A-4EF3DE131D00}.Release|Any CPU.Build.0 = Release|Any CPU
		{49DD4065-7EF4-4899-BE5A-4EF3DE131D00}.Release|Mixed Platforms.ActiveCfg = Release|Any CPU
		{49DD4065-7EF4-4899-BE5A-4EF3DE131D00}.Release|Mixed Platforms.Build.0 = Release|Any CPU
		{49DD4065-7EF4-4899-BE5A-4EF3DE131D00}.Release|x86.ActiveCfg = Release|Any CPU
		{13CF7C21-230A-4470-B19A-72C8F5C319DE}.Debug|Any CPU.ActiveCfg = Debug|Any CPU
		{13CF7C21-230A-4470-B19A-72C8F5C319DE}.Debug|Any CPU.Build.0 = Debug|Any CPU
		{13CF7C21-230A-4470-B19A-72C8F5C319DE}.Debug|Mixed Platforms.ActiveCfg = Debug|Any CPU
		{13CF7C21-230A-4470-B19A-72C8F5C319DE}.Debug|Mixed Platforms.Build.0 = Debug|Any CPU
		{13CF7C21-230A-4470-B19A-72C8F5C319DE}.Debug|x86.ActiveCfg = Debug|Any CPU
		{13CF7C21-230A-4470-B19A-72C8F5C319DE}.Release|Any CPU.ActiveCfg = Release|Any CPU
		{13CF7C21-230A-4470-B19A-72C8F5C319DE}.Release|Any CPU.Build.0 = Release|Any CPU
		{13CF7C21-230A-4470-B19A-72C8F5C319DE}.Release|Mixed Platforms.ActiveCfg = Release|Any CPU
		{13CF7C21-230A-4470-B19A-72C8F5C319DE}.Release|Mixed Platforms.Build.0 = Release|Any CPU
		{13CF7C21-230A-4470-B19A-72C8F5C319DE}.Release|x86.ActiveCfg = Release|Any CPU
		{2FADA92F-DFCB-4900-9154-CB11AE7BAD6C}.Debug|Any CPU.ActiveCfg = Debug|Any CPU
		{2FADA92F-DFCB-4900-9154-CB11AE7BAD6C}.Debug|Any CPU.Build.0 = Debug|Any CPU
		{2FADA92F-DFCB-4900-9154-CB11AE7BAD6C}.Debug|Mixed Platforms.ActiveCfg = Debug|Any CPU
		{2FADA92F-DFCB-4900-9154-CB11AE7BAD6C}.Debug|Mixed Platforms.Build.0 = Debug|Any CPU
		{2FADA92F-DFCB-4900-9154-CB11AE7BAD6C}.Debug|x86.ActiveCfg = Debug|Any CPU
		{2FADA92F-DFCB-4900-9154-CB11AE7BAD6C}.Release|Any CPU.ActiveCfg = Release|Any CPU
		{2FADA92F-DFCB-4900-9154-CB11AE7BAD6C}.Release|Any CPU.Build.0 = Release|Any CPU
		{2FADA92F-DFCB-4900-9154-CB11AE7BAD6C}.Release|Mixed Platforms.ActiveCfg = Release|Any CPU
		{2FADA92F-DFCB-4900-9154-CB11AE7BAD6C}.Release|Mixed Platforms.Build.0 = Release|Any CPU
		{2FADA92F-DFCB-4900-9154-CB11AE7BAD6C}.Release|x86.ActiveCfg = Release|Any CPU
		{0E4D6C35-806C-4AF2-BF59-293692063AB6}.Debug|Any CPU.ActiveCfg = Debug|x86
		{0E4D6C35-806C-4AF2-BF59-293692063AB6}.Debug|Mixed Platforms.ActiveCfg = Debug|x86
		{0E4D6C35-806C-4AF2-BF59-293692063AB6}.Debug|Mixed Platforms.Build.0 = Debug|x86
		{0E4D6C35-806C-4AF2-BF59-293692063AB6}.Debug|x86.ActiveCfg = Debug|x86
		{0E4D6C35-806C-4AF2-BF59-293692063AB6}.Debug|x86.Build.0 = Debug|x86
		{0E4D6C35-806C-4AF2-BF59-293692063AB6}.Release|Any CPU.ActiveCfg = Release|x86
		{0E4D6C35-806C-4AF2-BF59-293692063AB6}.Release|Mixed Platforms.ActiveCfg = Release|x86
		{0E4D6C35-806C-4AF2-BF59-293692063AB6}.Release|Mixed Platforms.Build.0 = Release|x86
		{0E4D6C35-806C-4AF2-BF59-293692063AB6}.Release|x86.ActiveCfg = Release|x86
		{0E4D6C35-806C-4AF2-BF59-293692063AB6}.Release|x86.Build.0 = Release|x86
	EndGlobalSection
	GlobalSection(SolutionProperties) = preSolution
		HideSolutionNode = FALSE
	EndGlobalSection
EndGlobal
