
Microsoft Visual Studio Solution File, Format Version 11.00
# Visual Studio 2010
Project("{FAE04EC0-301F-11D3-BF4B-00C04F79EFBC}") = "WCEmergency", "WCEmergency\WCEmergency.csproj", "{E3E4390C-C0DE-410D-B890-99E045172ABC}"
EndProject
Project("{FAE04EC0-301F-11D3-BF4B-00C04F79EFBC}") = "WCEmergency.Common", "WCEmergency.Common\WCEmergency.Common.csproj", "{49DD4065-7EF4-4899-BE5A-4EF3DE131D00}"
EndProject
Project("{FAE04EC0-301F-11D3-BF4B-00C04F79EFBC}") = "WCEmergency.Service", "WCEmergency.Service\WCEmergency.Service.csproj", "{13CF7C21-230A-4470-B19A-72C8F5C319DE}"
EndProject
Global
	GlobalSection(SolutionConfigurationPlatforms) = preSolution
		Debug|Any CPU = Debug|Any CPU
		Release|Any CPU = Release|Any CPU
	EndGlobalSection
	GlobalSection(ProjectConfigurationPlatforms) = postSolution
		{E3E4390C-C0DE-410D-B890-99E045172ABC}.Debug|Any CPU.ActiveCfg = Debug|Any CPU
		{E3E4390C-C0DE-410D-B890-99E045172ABC}.Debug|Any CPU.Build.0 = Debug|Any CPU
		{E3E4390C-C0DE-410D-B890-99E045172ABC}.Debug|Any CPU.Deploy.0 = Debug|Any CPU
		{E3E4390C-C0DE-410D-B890-99E045172ABC}.Release|Any CPU.ActiveCfg = Release|Any CPU
		{E3E4390C-C0DE-410D-B890-99E045172ABC}.Release|Any CPU.Build.0 = Release|Any CPU
		{E3E4390C-C0DE-410D-B890-99E045172ABC}.Release|Any CPU.Deploy.0 = Release|Any CPU
		{49DD4065-7EF4-4899-BE5A-4EF3DE131D00}.Debug|Any CPU.ActiveCfg = Debug|Any CPU
		{49DD4065-7EF4-4899-BE5A-4EF3DE131D00}.Debug|Any CPU.Build.0 = Debug|Any CPU
		{49DD4065-7EF4-4899-BE5A-4EF3DE131D00}.Release|Any CPU.ActiveCfg = Release|Any CPU
		{49DD4065-7EF4-4899-BE5A-4EF3DE131D00}.Release|Any CPU.Build.0 = Release|Any CPU
		{13CF7C21-230A-4470-B19A-72C8F5C319DE}.Debug|Any CPU.ActiveCfg = Debug|Any CPU
		{13CF7C21-230A-4470-B19A-72C8F5C319DE}.Debug|Any CPU.Build.0 = Debug|Any CPU
		{13CF7C21-230A-4470-B19A-72C8F5C319DE}.Release|Any CPU.ActiveCfg = Release|Any CPU
		{13CF7C21-230A-4470-B19A-72C8F5C319DE}.Release|Any CPU.Build.0 = Release|Any CPU
	EndGlobalSection
	GlobalSection(SolutionProperties) = preSolution
		HideSolutionNode = FALSE
	EndGlobalSection
EndGlobal
